
Microsoft Visual Studio Solution File, Format Version 12.00
# Visual Studio Version 17
VisualStudioVersion = 17.2.32630.192
MinimumVisualStudioVersion = 10.0.40219.1
Project("{FAE04EC0-301F-11D3-BF4B-00C04F79EFBC}") = "ClaimProcess.API", "ClaimProcess.API\ClaimProcess.API.csproj", "{33C0000D-EB2C-4259-88FF-DC2A9DBACBA5}"
EndProject
Global
	GlobalSection(SolutionConfigurationPlatforms) = preSolution
		Debug|Any CPU = Debug|Any CPU
		Release|Any CPU = Release|Any CPU
	EndGlobalSection
	GlobalSection(ProjectConfigurationPlatforms) = postSolution
		{33C0000D-EB2C-4259-88FF-DC2A9DBACBA5}.Debug|Any CPU.ActiveCfg = Debug|Any CPU
		{33C0000D-EB2C-4259-88FF-DC2A9DBACBA5}.Debug|Any CPU.Build.0 = Debug|Any CPU
		{33C0000D-EB2C-4259-88FF-DC2A9DBACBA5}.Release|Any CPU.ActiveCfg = Release|Any CPU
		{33C0000D-EB2C-4259-88FF-DC2A9DBACBA5}.Release|Any CPU.Build.0 = Release|Any CPU
	EndGlobalSection
	GlobalSection(SolutionProperties) = preSolution
		HideSolutionNode = FALSE
	EndGlobalSection
	GlobalSection(ExtensibilityGlobals) = postSolution
		SolutionGuid = {CCBF3456-77D3-46B3-B854-699DE7BDCB8F}
	EndGlobalSection
EndGlobal
